// !$*UTF8*$!
{
	archiveVersion = 1;
	classes = {
	};
	objectVersion = 56;
	objects = {

/* Begin PBXBuildFile section */
		D21F460D2C271D3600BF37B4 /* MainView.swift in Sources */ = {isa = PBXBuildFile; fileRef = D21F460C2C271D3100BF37B4 /* MainView.swift */; };
		D21F460F2C271D6500BF37B4 /* ScheduleView.swift in Sources */ = {isa = PBXBuildFile; fileRef = D21F460E2C271D5E00BF37B4 /* ScheduleView.swift */; };
		D21F46112C271D7200BF37B4 /* SettingsView.swift in Sources */ = {isa = PBXBuildFile; fileRef = D21F46102C271D6E00BF37B4 /* SettingsView.swift */; };
		D21F46152C27258A00BF37B4 /* LiveActivityView.swift in Sources */ = {isa = PBXBuildFile; fileRef = D21F46142C27258800BF37B4 /* LiveActivityView.swift */; };
		D21F461C2C27277F00BF37B4 /* ActivityKit.framework in Frameworks */ = {isa = PBXBuildFile; fileRef = D21F46172C2725CC00BF37B4 /* ActivityKit.framework */; };
		D27120F82C27297C001A57CA /* GroupActivities.framework in Frameworks */ = {isa = PBXBuildFile; fileRef = D27120F72C27297C001A57CA /* GroupActivities.framework */; };
		D27120FA2C272981001A57CA /* DeviceActivity.framework in Frameworks */ = {isa = PBXBuildFile; fileRef = D27120F92C272981001A57CA /* DeviceActivity.framework */; };
		D27120FC2C2735DB001A57CA /* DynamicIslandLiveActivity.swift in Sources */ = {isa = PBXBuildFile; fileRef = D27120FB2C2735DB001A57CA /* DynamicIslandLiveActivity.swift */; };
		D2FE3F872C27138200227885 /* DrowningApp.swift in Sources */ = {isa = PBXBuildFile; fileRef = D2FE3F862C27138200227885 /* DrowningApp.swift */; };
		D2FE3F892C27138200227885 /* ContentView.swift in Sources */ = {isa = PBXBuildFile; fileRef = D2FE3F882C27138200227885 /* ContentView.swift */; };
		D2FE3F8B2C27138300227885 /* Assets.xcassets in Resources */ = {isa = PBXBuildFile; fileRef = D2FE3F8A2C27138300227885 /* Assets.xcassets */; };
		D2FE3F8E2C27138300227885 /* Preview Assets.xcassets in Resources */ = {isa = PBXBuildFile; fileRef = D2FE3F8D2C27138300227885 /* Preview Assets.xcassets */; };
/* End PBXBuildFile section */

/* Begin PBXFileReference section */
		D21F460C2C271D3100BF37B4 /* MainView.swift */ = {isa = PBXFileReference; lastKnownFileType = sourcecode.swift; path = MainView.swift; sourceTree = "<group>"; };
		D21F460E2C271D5E00BF37B4 /* ScheduleView.swift */ = {isa = PBXFileReference; lastKnownFileType = sourcecode.swift; path = ScheduleView.swift; sourceTree = "<group>"; };
		D21F46102C271D6E00BF37B4 /* SettingsView.swift */ = {isa = PBXFileReference; lastKnownFileType = sourcecode.swift; path = SettingsView.swift; sourceTree = "<group>"; };
		D21F46142C27258800BF37B4 /* LiveActivityView.swift */ = {isa = PBXFileReference; lastKnownFileType = sourcecode.swift; path = LiveActivityView.swift; sourceTree = "<group>"; };
		D21F46172C2725CC00BF37B4 /* ActivityKit.framework */ = {isa = PBXFileReference; lastKnownFileType = wrapper.framework; name = ActivityKit.framework; path = System/Library/Frameworks/ActivityKit.framework; sourceTree = SDKROOT; };
		D21F461B2C27265900BF37B4 /* Info.plist */ = {isa = PBXFileReference; lastKnownFileType = text.plist; path = Info.plist; sourceTree = "<group>"; };
		D27120F72C27297C001A57CA /* GroupActivities.framework */ = {isa = PBXFileReference; lastKnownFileType = wrapper.framework; name = GroupActivities.framework; path = System/Library/Frameworks/GroupActivities.framework; sourceTree = SDKROOT; };
		D27120F92C272981001A57CA /* DeviceActivity.framework */ = {isa = PBXFileReference; lastKnownFileType = wrapper.framework; name = DeviceActivity.framework; path = System/Library/Frameworks/DeviceActivity.framework; sourceTree = SDKROOT; };
		D27120FB2C2735DB001A57CA /* DynamicIslandLiveActivity.swift */ = {isa = PBXFileReference; lastKnownFileType = sourcecode.swift; path = DynamicIslandLiveActivity.swift; sourceTree = "<group>"; };
		D2FE3F832C27138200227885 /* Drowning.app */ = {isa = PBXFileReference; explicitFileType = wrapper.application; includeInIndex = 0; path = Drowning.app; sourceTree = BUILT_PRODUCTS_DIR; };
		D2FE3F862C27138200227885 /* DrowningApp.swift */ = {isa = PBXFileReference; lastKnownFileType = sourcecode.swift; path = DrowningApp.swift; sourceTree = "<group>"; };
		D2FE3F882C27138200227885 /* ContentView.swift */ = {isa = PBXFileReference; lastKnownFileType = sourcecode.swift; path = ContentView.swift; sourceTree = "<group>"; };
		D2FE3F8A2C27138300227885 /* Assets.xcassets */ = {isa = PBXFileReference; lastKnownFileType = folder.assetcatalog; path = Assets.xcassets; sourceTree = "<group>"; };
		D2FE3F8D2C27138300227885 /* Preview Assets.xcassets */ = {isa = PBXFileReference; lastKnownFileType = folder.assetcatalog; path = "Preview Assets.xcassets"; sourceTree = "<group>"; };
		D2FE3F942C2713B700227885 /* Drowning.entitlements */ = {isa = PBXFileReference; lastKnownFileType = text.plist.entitlements; path = Drowning.entitlements; sourceTree = "<group>"; };
/* End PBXFileReference section */

/* Begin PBXFrameworksBuildPhase section */
		D2FE3F802C27138200227885 /* Frameworks */ = {
			isa = PBXFrameworksBuildPhase;
			buildActionMask = 2147483647;
			files = (
				D21F461C2C27277F00BF37B4 /* ActivityKit.framework in Frameworks */,
				D27120F82C27297C001A57CA /* GroupActivities.framework in Frameworks */,
				D27120FA2C272981001A57CA /* DeviceActivity.framework in Frameworks */,
			);
			runOnlyForDeploymentPostprocessing = 0;
		};
/* End PBXFrameworksBuildPhase section */

/* Begin PBXGroup section */
		D21F46162C2725CB00BF37B4 /* Frameworks */ = {
			isa = PBXGroup;
			children = (
				D27120F92C272981001A57CA /* DeviceActivity.framework */,
				D27120F72C27297C001A57CA /* GroupActivities.framework */,
				D21F46172C2725CC00BF37B4 /* ActivityKit.framework */,
			);
			name = Frameworks;
			sourceTree = "<group>";
		};
		D2FE3F7A2C27138200227885 = {
			isa = PBXGroup;
			children = (
				D2FE3F852C27138200227885 /* Drowning */,
				D2FE3F842C27138200227885 /* Products */,
				D21F46162C2725CB00BF37B4 /* Frameworks */,
			);
			sourceTree = "<group>";
		};
		D2FE3F842C27138200227885 /* Products */ = {
			isa = PBXGroup;
			children = (
				D2FE3F832C27138200227885 /* Drowning.app */,
			);
			name = Products;
			sourceTree = "<group>";
		};
		D2FE3F852C27138200227885 /* Drowning */ = {
			isa = PBXGroup;
			children = (
				D21F461B2C27265900BF37B4 /* Info.plist */,
				D2FE3F942C2713B700227885 /* Drowning.entitlements */,
				D2FE3F862C27138200227885 /* DrowningApp.swift */,
				D21F460E2C271D5E00BF37B4 /* ScheduleView.swift */,
				D21F46102C271D6E00BF37B4 /* SettingsView.swift */,
				D21F460C2C271D3100BF37B4 /* MainView.swift */,
				D2FE3F882C27138200227885 /* ContentView.swift */,
				D21F46142C27258800BF37B4 /* LiveActivityView.swift */,
				D27120FB2C2735DB001A57CA /* DynamicIslandLiveActivity.swift */,
				D2FE3F8A2C27138300227885 /* Assets.xcassets */,
				D2FE3F8C2C27138300227885 /* Preview Content */,
			);
			path = Drowning;
			sourceTree = "<group>";
		};
		D2FE3F8C2C27138300227885 /* Preview Content */ = {
			isa = PBXGroup;
			children = (
				D2FE3F8D2C27138300227885 /* Preview Assets.xcassets */,
			);
			path = "Preview Content";
			sourceTree = "<group>";
		};
/* End PBXGroup section */

/* Begin PBXNativeTarget section */
		D2FE3F822C27138200227885 /* Drowning */ = {
			isa = PBXNativeTarget;
			buildConfigurationList = D2FE3F912C27138300227885 /* Build configuration list for PBXNativeTarget "Drowning" */;
			buildPhases = (
				D2FE3F7F2C27138200227885 /* Sources */,
				D2FE3F802C27138200227885 /* Frameworks */,
				D2FE3F812C27138200227885 /* Resources */,
			);
			buildRules = (
			);
			dependencies = (
			);
			name = Drowning;
			productName = Drowning;
			productReference = D2FE3F832C27138200227885 /* Drowning.app */;
			productType = "com.apple.product-type.application";
		};
/* End PBXNativeTarget section */

/* Begin PBXProject section */
		D2FE3F7B2C27138200227885 /* Project object */ = {
			isa = PBXProject;
			attributes = {
				BuildIndependentTargetsInParallel = 1;
				LastSwiftUpdateCheck = 1600;
				LastUpgradeCheck = 1600;
				TargetAttributes = {
					D2FE3F822C27138200227885 = {
						CreatedOnToolsVersion = 16.0;
					};
				};
			};
			buildConfigurationList = D2FE3F7E2C27138200227885 /* Build configuration list for PBXProject "SwimTrack" */;
			compatibilityVersion = "Xcode 14.0";
			developmentRegion = en;
			hasScannedForEncodings = 0;
			knownRegions = (
				en,
				Base,
			);
			mainGroup = D2FE3F7A2C27138200227885;
			productRefGroup = D2FE3F842C27138200227885 /* Products */;
			projectDirPath = "";
			projectRoot = "";
			targets = (
				D2FE3F822C27138200227885 /* Drowning */,
			);
		};
/* End PBXProject section */

/* Begin PBXResourcesBuildPhase section */
		D2FE3F812C27138200227885 /* Resources */ = {
			isa = PBXResourcesBuildPhase;
			buildActionMask = 2147483647;
			files = (
				D2FE3F8E2C27138300227885 /* Preview Assets.xcassets in Resources */,
				D2FE3F8B2C27138300227885 /* Assets.xcassets in Resources */,
			);
			runOnlyForDeploymentPostprocessing = 0;
		};
/* End PBXResourcesBuildPhase section */

/* Begin PBXSourcesBuildPhase section */
		D2FE3F7F2C27138200227885 /* Sources */ = {
			isa = PBXSourcesBuildPhase;
			buildActionMask = 2147483647;
			files = (
				D21F46112C271D7200BF37B4 /* SettingsView.swift in Sources */,
				D2FE3F892C27138200227885 /* ContentView.swift in Sources */,
				D21F460F2C271D6500BF37B4 /* ScheduleView.swift in Sources */,
				D21F460D2C271D3600BF37B4 /* MainView.swift in Sources */,
				D2FE3F872C27138200227885 /* DrowningApp.swift in Sources */,
				D21F46152C27258A00BF37B4 /* LiveActivityView.swift in Sources */,
				D27120FC2C2735DB001A57CA /* DynamicIslandLiveActivity.swift in Sources */,
			);
			runOnlyForDeploymentPostprocessing = 0;
		};
/* End PBXSourcesBuildPhase section */

/* Begin XCBuildConfiguration section */
		D2FE3F8F2C27138300227885 /* Debug */ = {
			isa = XCBuildConfiguration;
			buildSettings = {
				ALWAYS_SEARCH_USER_PATHS = NO;
				ASSETCATALOG_COMPILER_GENERATE_SWIFT_ASSET_SYMBOL_EXTENSIONS = YES;
				CLANG_ANALYZER_NONNULL = YES;
				CLANG_ANALYZER_NUMBER_OBJECT_CONVERSION = YES_AGGRESSIVE;
				CLANG_CXX_LANGUAGE_STANDARD = "gnu++20";
				CLANG_ENABLE_MODULES = YES;
				CLANG_ENABLE_OBJC_ARC = YES;
				CLANG_ENABLE_OBJC_WEAK = YES;
				CLANG_WARN_BLOCK_CAPTURE_AUTORELEASING = YES;
				CLANG_WARN_BOOL_CONVERSION = YES;
				CLANG_WARN_COMMA = YES;
				CLANG_WARN_CONSTANT_CONVERSION = YES;
				CLANG_WARN_DEPRECATED_OBJC_IMPLEMENTATIONS = YES;
				CLANG_WARN_DIRECT_OBJC_ISA_USAGE = YES_ERROR;
				CLANG_WARN_DOCUMENTATION_COMMENTS = YES;
				CLANG_WARN_EMPTY_BODY = YES;
				CLANG_WARN_ENUM_CONVERSION = YES;
				CLANG_WARN_INFINITE_RECURSION = YES;
				CLANG_WARN_INT_CONVERSION = YES;
				CLANG_WARN_NON_LITERAL_NULL_CONVERSION = YES;
				CLANG_WARN_OBJC_IMPLICIT_RETAIN_SELF = YES;
				CLANG_WARN_OBJC_LITERAL_CONVERSION = YES;
				CLANG_WARN_OBJC_ROOT_CLASS = YES_ERROR;
				CLANG_WARN_QUOTED_INCLUDE_IN_FRAMEWORK_HEADER = YES;
				CLANG_WARN_RANGE_LOOP_ANALYSIS = YES;
				CLANG_WARN_STRICT_PROTOTYPES = YES;
				CLANG_WARN_SUSPICIOUS_MOVE = YES;
				CLANG_WARN_UNGUARDED_AVAILABILITY = YES_AGGRESSIVE;
				CLANG_WARN_UNREACHABLE_CODE = YES;
				CLANG_WARN__DUPLICATE_METHOD_MATCH = YES;
				COPY_PHASE_STRIP = NO;
				DEBUG_INFORMATION_FORMAT = dwarf;
				ENABLE_STRICT_OBJC_MSGSEND = YES;
				ENABLE_TESTABILITY = YES;
				ENABLE_USER_SCRIPT_SANDBOXING = YES;
				GCC_C_LANGUAGE_STANDARD = gnu17;
				GCC_DYNAMIC_NO_PIC = NO;
				GCC_NO_COMMON_BLOCKS = YES;
				GCC_OPTIMIZATION_LEVEL = 0;
				GCC_PREPROCESSOR_DEFINITIONS = (
					"DEBUG=1",
					"$(inherited)",
				);
				GCC_WARN_64_TO_32_BIT_CONVERSION = YES;
				GCC_WARN_ABOUT_RETURN_TYPE = YES_ERROR;
				GCC_WARN_UNDECLARED_SELECTOR = YES;
				GCC_WARN_UNINITIALIZED_AUTOS = YES_AGGRESSIVE;
				GCC_WARN_UNUSED_FUNCTION = YES;
				GCC_WARN_UNUSED_VARIABLE = YES;
				IPHONEOS_DEPLOYMENT_TARGET = 18.0;
				LOCALIZATION_PREFERS_STRING_CATALOGS = YES;
				MTL_ENABLE_DEBUG_INFO = INCLUDE_SOURCE;
				MTL_FAST_MATH = YES;
				ONLY_ACTIVE_ARCH = YES;
				SDKROOT = iphoneos;
				SWIFT_ACTIVE_COMPILATION_CONDITIONS = "DEBUG $(inherited)";
				SWIFT_OPTIMIZATION_LEVEL = "-Onone";
			};
			name = Debug;
		};
		D2FE3F902C27138300227885 /* Release */ = {
			isa = XCBuildConfiguration;
			buildSettings = {
				ALWAYS_SEARCH_USER_PATHS = NO;
				ASSETCATALOG_COMPILER_GENERATE_SWIFT_ASSET_SYMBOL_EXTENSIONS = YES;
				CLANG_ANALYZER_NONNULL = YES;
				CLANG_ANALYZER_NUMBER_OBJECT_CONVERSION = YES_AGGRESSIVE;
				CLANG_CXX_LANGUAGE_STANDARD = "gnu++20";
				CLANG_ENABLE_MODULES = YES;
				CLANG_ENABLE_OBJC_ARC = YES;
				CLANG_ENABLE_OBJC_WEAK = YES;
				CLANG_WARN_BLOCK_CAPTURE_AUTORELEASING = YES;
				CLANG_WARN_BOOL_CONVERSION = YES;
				CLANG_WARN_COMMA = YES;
				CLANG_WARN_CONSTANT_CONVERSION = YES;
				CLANG_WARN_DEPRECATED_OBJC_IMPLEMENTATIONS = YES;
				CLANG_WARN_DIRECT_OBJC_ISA_USAGE = YES_ERROR;
				CLANG_WARN_DOCUMENTATION_COMMENTS = YES;
				CLANG_WARN_EMPTY_BODY = YES;
				CLANG_WARN_ENUM_CONVERSION = YES;
				CLANG_WARN_INFINITE_RECURSION = YES;
				CLANG_WARN_INT_CONVERSION = YES;
				CLANG_WARN_NON_LITERAL_NULL_CONVERSION = YES;
				CLANG_WARN_OBJC_IMPLICIT_RETAIN_SELF = YES;
				CLANG_WARN_OBJC_LITERAL_CONVERSION = YES;
				CLANG_WARN_OBJC_ROOT_CLASS = YES_ERROR;
				CLANG_WARN_QUOTED_INCLUDE_IN_FRAMEWORK_HEADER = YES;
				CLANG_WARN_RANGE_LOOP_ANALYSIS = YES;
				CLANG_WARN_STRICT_PROTOTYPES = YES;
				CLANG_WARN_SUSPICIOUS_MOVE = YES;
				CLANG_WARN_UNGUARDED_AVAILABILITY = YES_AGGRESSIVE;
				CLANG_WARN_UNREACHABLE_CODE = YES;
				CLANG_WARN__DUPLICATE_METHOD_MATCH = YES;
				COPY_PHASE_STRIP = NO;
				DEBUG_INFORMATION_FORMAT = "dwarf-with-dsym";
				ENABLE_NS_ASSERTIONS = NO;
				ENABLE_STRICT_OBJC_MSGSEND = YES;
				ENABLE_USER_SCRIPT_SANDBOXING = YES;
				GCC_C_LANGUAGE_STANDARD = gnu17;
				GCC_NO_COMMON_BLOCKS = YES;
				GCC_WARN_64_TO_32_BIT_CONVERSION = YES;
				GCC_WARN_ABOUT_RETURN_TYPE = YES_ERROR;
				GCC_WARN_UNDECLARED_SELECTOR = YES;
				GCC_WARN_UNINITIALIZED_AUTOS = YES_AGGRESSIVE;
				GCC_WARN_UNUSED_FUNCTION = YES;
				GCC_WARN_UNUSED_VARIABLE = YES;
				IPHONEOS_DEPLOYMENT_TARGET = 18.0;
				LOCALIZATION_PREFERS_STRING_CATALOGS = YES;
				MTL_ENABLE_DEBUG_INFO = NO;
				MTL_FAST_MATH = YES;
				SDKROOT = iphoneos;
				SWIFT_COMPILATION_MODE = wholemodule;
				VALIDATE_PRODUCT = YES;
			};
			name = Release;
		};
		D2FE3F922C27138300227885 /* Debug */ = {
			isa = XCBuildConfiguration;
			buildSettings = {
				ASSETCATALOG_COMPILER_APPICON_NAME = AppIcon;
				ASSETCATALOG_COMPILER_GLOBAL_ACCENT_COLOR_NAME = AccentColor;
				CODE_SIGN_ENTITLEMENTS = Drowning/Drowning.entitlements;
				CODE_SIGN_STYLE = Automatic;
				CURRENT_PROJECT_VERSION = 1;
				DEVELOPMENT_ASSET_PATHS = "\"Drowning/Preview Content\"";
				DEVELOPMENT_TEAM = U4679NLU6P;
				ENABLE_PREVIEWS = YES;
				GENERATE_INFOPLIST_FILE = YES;
				INFOPLIST_FILE = Drowning/Info.plist;
				INFOPLIST_KEY_CFBundleDisplayName = SwimTrack;
				INFOPLIST_KEY_NSSupportsLiveActivities = YES;
				INFOPLIST_KEY_UIApplicationSceneManifest_Generation = YES;
				INFOPLIST_KEY_UIApplicationSupportsIndirectInputEvents = YES;
				INFOPLIST_KEY_UILaunchScreen_Generation = YES;
				INFOPLIST_KEY_UISupportedInterfaceOrientations_iPad = "UIInterfaceOrientationPortrait UIInterfaceOrientationPortraitUpsideDown UIInterfaceOrientationLandscapeLeft UIInterfaceOrientationLandscapeRight";
				INFOPLIST_KEY_UISupportedInterfaceOrientations_iPhone = "UIInterfaceOrientationPortrait UIInterfaceOrientationLandscapeLeft UIInterfaceOrientationLandscapeRight";
				IPHONEOS_DEPLOYMENT_TARGET = 17.0;
				LD_RUNPATH_SEARCH_PATHS = (
					"$(inherited)",
					"@executable_path/Frameworks",
				);
				MARKETING_VERSION = 1.0;
				PRODUCT_BUNDLE_IDENTIFIER = saumil.com.drowning;
				PRODUCT_NAME = "$(TARGET_NAME)";
				SWIFT_EMIT_LOC_STRINGS = YES;
				SWIFT_VERSION = 5.0;
				TARGETED_DEVICE_FAMILY = "1,2";
			};
			name = Debug;
		};
		D2FE3F932C27138300227885 /* Release */ = {
			isa = XCBuildConfiguration;
			buildSettings = {
				ASSETCATALOG_COMPILER_APPICON_NAME = AppIcon;
				ASSETCATALOG_COMPILER_GLOBAL_ACCENT_COLOR_NAME = AccentColor;
				CODE_SIGN_ENTITLEMENTS = Drowning/Drowning.entitlements;
				CODE_SIGN_STYLE = Automatic;
				CURRENT_PROJECT_VERSION = 1;
				DEVELOPMENT_ASSET_PATHS = "\"Drowning/Preview Content\"";
				DEVELOPMENT_TEAM = U4679NLU6P;
				ENABLE_PREVIEWS = YES;
				GENERATE_INFOPLIST_FILE = YES;
				INFOPLIST_FILE = Drowning/Info.plist;
				INFOPLIST_KEY_CFBundleDisplayName = SwimTrack;
				INFOPLIST_KEY_NSSupportsLiveActivities = YES;
				INFOPLIST_KEY_UIApplicationSceneManifest_Generation = YES;
				INFOPLIST_KEY_UIApplicationSupportsIndirectInputEvents = YES;
				INFOPLIST_KEY_UILaunchScreen_Generation = YES;
				INFOPLIST_KEY_UISupportedInterfaceOrientations_iPad = "UIInterfaceOrientationPortrait UIInterfaceOrientationPortraitUpsideDown UIInterfaceOrientationLandscapeLeft UIInterfaceOrientationLandscapeRight";
				INFOPLIST_KEY_UISupportedInterfaceOrientations_iPhone = "UIInterfaceOrientationPortrait UIInterfaceOrientationLandscapeLeft UIInterfaceOrientationLandscapeRight";
				IPHONEOS_DEPLOYMENT_TARGET = 17.0;
				LD_RUNPATH_SEARCH_PATHS = (
					"$(inherited)",
					"@executable_path/Frameworks",
				);
				MARKETING_VERSION = 1.0;
				PRODUCT_BUNDLE_IDENTIFIER = saumil.com.drowning;
				PRODUCT_NAME = "$(TARGET_NAME)";
				SWIFT_EMIT_LOC_STRINGS = YES;
				SWIFT_VERSION = 5.0;
				TARGETED_DEVICE_FAMILY = "1,2";
			};
			name = Release;
		};
/* End XCBuildConfiguration section */

/* Begin XCConfigurationList section */
		D2FE3F7E2C27138200227885 /* Build configuration list for PBXProject "SwimTrack" */ = {
			isa = XCConfigurationList;
			buildConfigurations = (
				D2FE3F8F2C27138300227885 /* Debug */,
				D2FE3F902C27138300227885 /* Release */,
			);
			defaultConfigurationIsVisible = 0;
			defaultConfigurationName = Release;
		};
		D2FE3F912C27138300227885 /* Build configuration list for PBXNativeTarget "Drowning" */ = {
			isa = XCConfigurationList;
			buildConfigurations = (
				D2FE3F922C27138300227885 /* Debug */,
				D2FE3F932C27138300227885 /* Release */,
			);
			defaultConfigurationIsVisible = 0;
			defaultConfigurationName = Release;
		};
/* End XCConfigurationList section */
	};
	rootObject = D2FE3F7B2C27138200227885 /* Project object */;
}
